
Microsoft Visual Studio Solution File, Format Version 12.00
# Visual Studio Version 16
VisualStudioVersion = 16.0.30114.105
MinimumVisualStudioVersion = 10.0.40219.1
Project("{FAE04EC0-301F-11D3-BF4B-00C04F79EFBC}") = "BlazorDemo", "BlazorDemo\BlazorDemo.csproj", "{D3128D33-44DD-42A7-933E-774949B86086}"
EndProject
Project("{FAE04EC0-301F-11D3-BF4B-00C04F79EFBC}") = "BlazorDemo.Web", "BlazorDemo.Web\BlazorDemo.Web.csproj", "{599E0B31-F88E-41AD-BA45-6F9B9B22CB89}"
EndProject
Global
	GlobalSection(SolutionConfigurationPlatforms) = preSolution
		Debug|Any CPU = Debug|Any CPU
		Release|Any CPU = Release|Any CPU
	EndGlobalSection
	GlobalSection(SolutionProperties) = preSolution
		HideSolutionNode = FALSE
	EndGlobalSection
	GlobalSection(ProjectConfigurationPlatforms) = postSolution
		{D3128D33-44DD-42A7-933E-774949B86086}.Debug|Any CPU.ActiveCfg = Debug|Any CPU
		{D3128D33-44DD-42A7-933E-774949B86086}.Debug|Any CPU.Build.0 = Debug|Any CPU
		{D3128D33-44DD-42A7-933E-774949B86086}.Release|Any CPU.ActiveCfg = Release|Any CPU
		{D3128D33-44DD-42A7-933E-774949B86086}.Release|Any CPU.Build.0 = Release|Any CPU
		{599E0B31-F88E-41AD-BA45-6F9B9B22CB89}.Debug|Any CPU.ActiveCfg = Debug|Any CPU
		{599E0B31-F88E-41AD-BA45-6F9B9B22CB89}.Debug|Any CPU.Build.0 = Debug|Any CPU
		{599E0B31-F88E-41AD-BA45-6F9B9B22CB89}.Release|Any CPU.ActiveCfg = Release|Any CPU
		{599E0B31-F88E-41AD-BA45-6F9B9B22CB89}.Release|Any CPU.Build.0 = Release|Any CPU
	EndGlobalSection
EndGlobal
